# This file is automatically @generated by Cargo.
# It is not intended for manual editing.
version = 3

[[package]]
name = "binary-reader"
version = "0.4.0"
source = "registry+https://github.com/rust-lang/crates.io-index"
checksum = "3b564892833cc8da667bcba9f4288cdfae219c9a4d25ac351f4b74e6f08abc8b"
dependencies = [
 "byteorder",
]

[[package]]
name = "byteorder"
version = "1.4.3"
source = "registry+https://github.com/rust-lang/crates.io-index"
checksum = "14c189c53d098945499cdfa7ecc63567cf3886b3332b312a5b4585d8d3a6a610"

[[package]]
name = "font-reader"
version = "0.1.10"
dependencies = [
 "binary-reader",
]
